
Microsoft Visual Studio Solution File, Format Version 12.00
Project("{FAE04EC0-301F-11D3-BF4B-00C04F79EFBC}") = "HtmlToPdf", "HtmlToPdf\HtmlToPdf.csproj", "{ABFFA32D-C514-4269-88F8-FE53538AFB64}"
EndProject
Global
	GlobalSection(SolutionConfigurationPlatforms) = preSolution
		Debug|Any CPU = Debug|Any CPU
		Release|Any CPU = Release|Any CPU
	EndGlobalSection
	GlobalSection(ProjectConfigurationPlatforms) = postSolution
		{ABFFA32D-C514-4269-88F8-FE53538AFB64}.Debug|Any CPU.ActiveCfg = Debug|Any CPU
		{ABFFA32D-C514-4269-88F8-FE53538AFB64}.Debug|Any CPU.Build.0 = Debug|Any CPU
		{ABFFA32D-C514-4269-88F8-FE53538AFB64}.Release|Any CPU.ActiveCfg = Release|Any CPU
		{ABFFA32D-C514-4269-88F8-FE53538AFB64}.Release|Any CPU.Build.0 = Release|Any CPU
	EndGlobalSection
EndGlobal
